// !$*UTF8*$!
{
	archiveVersion = 1;
	classes = {
	};
	objectVersion = 50;
	objects = {

/* Begin PBXBuildFile section */
		9F1F7913223AE9C3001C8DE0 /* CustomBarView.swift in Sources */ = {isa = PBXBuildFile; fileRef = 9F1F7912223AE9C3001C8DE0 /* CustomBarView.swift */; };
		9FE342CE21E4182F00FFFDB9 /* AppDelegate.swift in Sources */ = {isa = PBXBuildFile; fileRef = 9FE342CD21E4182F00FFFDB9 /* AppDelegate.swift */; };
		9FE342D021E4182F00FFFDB9 /* ViewController.swift in Sources */ = {isa = PBXBuildFile; fileRef = 9FE342CF21E4182F00FFFDB9 /* ViewController.swift */; };
		9FE342D321E4182F00FFFDB9 /* Main.storyboard in Resources */ = {isa = PBXBuildFile; fileRef = 9FE342D121E4182F00FFFDB9 /* Main.storyboard */; };
		9FE342D521E4183100FFFDB9 /* Assets.xcassets in Resources */ = {isa = PBXBuildFile; fileRef = 9FE342D421E4183100FFFDB9 /* Assets.xcassets */; };
		9FE342D821E4183100FFFDB9 /* LaunchScreen.storyboard in Resources */ = {isa = PBXBuildFile; fileRef = 9FE342D621E4183100FFFDB9 /* LaunchScreen.storyboard */; };
		9FE342E321E4183100FFFDB9 /* CustomBarViewTests.swift in Sources */ = {isa = PBXBuildFile; fileRef = 9FE342E221E4183100FFFDB9 /* CustomBarViewTests.swift */; };
		9FE342EE21E4183100FFFDB9 /* CustomBarViewUITests.swift in Sources */ = {isa = PBXBuildFile; fileRef = 9FE342ED21E4183100FFFDB9 /* CustomBarViewUITests.swift */; };
/* End PBXBuildFile section */

/* Begin PBXContainerItemProxy section */
		9FE342DF21E4183100FFFDB9 /* PBXContainerItemProxy */ = {
			isa = PBXContainerItemProxy;
			containerPortal = 9FE342C221E4182F00FFFDB9 /* Project object */;
			proxyType = 1;
			remoteGlobalIDString = 9FE342C921E4182F00FFFDB9;
			remoteInfo = CustomBarView;
		};
		9FE342EA21E4183100FFFDB9 /* PBXContainerItemProxy */ = {
			isa = PBXContainerItemProxy;
			containerPortal = 9FE342C221E4182F00FFFDB9 /* Project object */;
			proxyType = 1;
			remoteGlobalIDString = 9FE342C921E4182F00FFFDB9;
			remoteInfo = CustomBarView;
		};
/* End PBXContainerItemProxy section */

/* Begin PBXFileReference section */
		9F1F7912223AE9C3001C8DE0 /* CustomBarView.swift */ = {isa = PBXFileReference; lastKnownFileType = sourcecode.swift; path = CustomBarView.swift; sourceTree = "<group>"; };
		9FE342CA21E4182F00FFFDB9 /* CustomBarView.app */ = {isa = PBXFileReference; explicitFileType = wrapper.application; includeInIndex = 0; path = CustomBarView.app; sourceTree = BUILT_PRODUCTS_DIR; };
		9FE342CD21E4182F00FFFDB9 /* AppDelegate.swift */ = {isa = PBXFileReference; lastKnownFileType = sourcecode.swift; path = AppDelegate.swift; sourceTree = "<group>"; };
		9FE342CF21E4182F00FFFDB9 /* ViewController.swift */ = {isa = PBXFileReference; lastKnownFileType = sourcecode.swift; path = ViewController.swift; sourceTree = "<group>"; };
		9FE342D221E4182F00FFFDB9 /* Base */ = {isa = PBXFileReference; lastKnownFileType = file.storyboard; name = Base; path = Base.lproj/Main.storyboard; sourceTree = "<group>"; };
		9FE342D421E4183100FFFDB9 /* Assets.xcassets */ = {isa = PBXFileReference; lastKnownFileType = folder.assetcatalog; path = Assets.xcassets; sourceTree = "<group>"; };
		9FE342D721E4183100FFFDB9 /* Base */ = {isa = PBXFileReference; lastKnownFileType = file.storyboard; name = Base; path = Base.lproj/LaunchScreen.storyboard; sourceTree = "<group>"; };
		9FE342D921E4183100FFFDB9 /* Info.plist */ = {isa = PBXFileReference; lastKnownFileType = text.plist.xml; path = Info.plist; sourceTree = "<group>"; };
		9FE342DE21E4183100FFFDB9 /* CustomBarViewTests.xctest */ = {isa = PBXFileReference; explicitFileType = wrapper.cfbundle; includeInIndex = 0; path = CustomBarViewTests.xctest; sourceTree = BUILT_PRODUCTS_DIR; };
		9FE342E221E4183100FFFDB9 /* CustomBarViewTests.swift */ = {isa = PBXFileReference; lastKnownFileType = sourcecode.swift; path = CustomBarViewTests.swift; sourceTree = "<group>"; };
		9FE342E421E4183100FFFDB9 /* Info.plist */ = {isa = PBXFileReference; lastKnownFileType = text.plist.xml; path = Info.plist; sourceTree = "<group>"; };
		9FE342E921E4183100FFFDB9 /* CustomBarViewUITests.xctest */ = {isa = PBXFileReference; explicitFileType = wrapper.cfbundle; includeInIndex = 0; path = CustomBarViewUITests.xctest; sourceTree = BUILT_PRODUCTS_DIR; };
		9FE342ED21E4183100FFFDB9 /* CustomBarViewUITests.swift */ = {isa = PBXFileReference; lastKnownFileType = sourcecode.swift; path = CustomBarViewUITests.swift; sourceTree = "<group>"; };
		9FE342EF21E4183100FFFDB9 /* Info.plist */ = {isa = PBXFileReference; lastKnownFileType = text.plist.xml; path = Info.plist; sourceTree = "<group>"; };
/* End PBXFileReference section */

/* Begin PBXFrameworksBuildPhase section */
		9FE342C721E4182F00FFFDB9 /* Frameworks */ = {
			isa = PBXFrameworksBuildPhase;
			buildActionMask = 2147483647;
			files = (
			);
			runOnlyForDeploymentPostprocessing = 0;
		};
		9FE342DB21E4183100FFFDB9 /* Frameworks */ = {
			isa = PBXFrameworksBuildPhase;
			buildActionMask = 2147483647;
			files = (
			);
			runOnlyForDeploymentPostprocessing = 0;
		};
		9FE342E621E4183100FFFDB9 /* Frameworks */ = {
			isa = PBXFrameworksBuildPhase;
			buildActionMask = 2147483647;
			files = (
			);
			runOnlyForDeploymentPostprocessing = 0;
		};
/* End PBXFrameworksBuildPhase section */

/* Begin PBXGroup section */
		9FE342C121E4182F00FFFDB9 = {
			isa = PBXGroup;
			children = (
				9FE342CC21E4182F00FFFDB9 /* CustomBarView */,
				9FE342E121E4183100FFFDB9 /* CustomBarViewTests */,
				9FE342EC21E4183100FFFDB9 /* CustomBarViewUITests */,
				9FE342CB21E4182F00FFFDB9 /* Products */,
			);
			sourceTree = "<group>";
		};
		9FE342CB21E4182F00FFFDB9 /* Products */ = {
			isa = PBXGroup;
			children = (
				9FE342CA21E4182F00FFFDB9 /* CustomBarView.app */,
				9FE342DE21E4183100FFFDB9 /* CustomBarViewTests.xctest */,
				9FE342E921E4183100FFFDB9 /* CustomBarViewUITests.xctest */,
			);
			name = Products;
			sourceTree = "<group>";
		};
		9FE342CC21E4182F00FFFDB9 /* CustomBarView */ = {
			isa = PBXGroup;
			children = (
				9FE342CD21E4182F00FFFDB9 /* AppDelegate.swift */,
				9FE342CF21E4182F00FFFDB9 /* ViewController.swift */,
				9FE342D121E4182F00FFFDB9 /* Main.storyboard */,
				9FE342D421E4183100FFFDB9 /* Assets.xcassets */,
				9FE342D621E4183100FFFDB9 /* LaunchScreen.storyboard */,
				9FE342D921E4183100FFFDB9 /* Info.plist */,
				9F1F7912223AE9C3001C8DE0 /* CustomBarView.swift */,
			);
			path = CustomBarView;
			sourceTree = "<group>";
		};
		9FE342E121E4183100FFFDB9 /* CustomBarViewTests */ = {
			isa = PBXGroup;
			children = (
				9FE342E221E4183100FFFDB9 /* CustomBarViewTests.swift */,
				9FE342E421E4183100FFFDB9 /* Info.plist */,
			);
			path = CustomBarViewTests;
			sourceTree = "<group>";
		};
		9FE342EC21E4183100FFFDB9 /* CustomBarViewUITests */ = {
			isa = PBXGroup;
			children = (
				9FE342ED21E4183100FFFDB9 /* CustomBarViewUITests.swift */,
				9FE342EF21E4183100FFFDB9 /* Info.plist */,
			);
			path = CustomBarViewUITests;
			sourceTree = "<group>";
		};
/* End PBXGroup section */

/* Begin PBXNativeTarget section */
		9FE342C921E4182F00FFFDB9 /* CustomBarView */ = {
			isa = PBXNativeTarget;
			buildConfigurationList = 9FE342F221E4183100FFFDB9 /* Build configuration list for PBXNativeTarget "CustomBarView" */;
			buildPhases = (
				9FE342C621E4182F00FFFDB9 /* Sources */,
				9FE342C721E4182F00FFFDB9 /* Frameworks */,
				9FE342C821E4182F00FFFDB9 /* Resources */,
			);
			buildRules = (
			);
			dependencies = (
			);
			name = CustomBarView;
			productName = CustomBarView;
			productReference = 9FE342CA21E4182F00FFFDB9 /* CustomBarView.app */;
			productType = "com.apple.product-type.application";
		};
		9FE342DD21E4183100FFFDB9 /* CustomBarViewTests */ = {
			isa = PBXNativeTarget;
			buildConfigurationList = 9FE342F521E4183100FFFDB9 /* Build configuration list for PBXNativeTarget "CustomBarViewTests" */;
			buildPhases = (
				9FE342DA21E4183100FFFDB9 /* Sources */,
				9FE342DB21E4183100FFFDB9 /* Frameworks */,
				9FE342DC21E4183100FFFDB9 /* Resources */,
			);
			buildRules = (
			);
			dependencies = (
				9FE342E021E4183100FFFDB9 /* PBXTargetDependency */,
			);
			name = CustomBarViewTests;
			productName = CustomBarViewTests;
			productReference = 9FE342DE21E4183100FFFDB9 /* CustomBarViewTests.xctest */;
			productType = "com.apple.product-type.bundle.unit-test";
		};
		9FE342E821E4183100FFFDB9 /* CustomBarViewUITests */ = {
			isa = PBXNativeTarget;
			buildConfigurationList = 9FE342F821E4183100FFFDB9 /* Build configuration list for PBXNativeTarget "CustomBarViewUITests" */;
			buildPhases = (
				9FE342E521E4183100FFFDB9 /* Sources */,
				9FE342E621E4183100FFFDB9 /* Frameworks */,
				9FE342E721E4183100FFFDB9 /* Resources */,
			);
			buildRules = (
			);
			dependencies = (
				9FE342EB21E4183100FFFDB9 /* PBXTargetDependency */,
			);
			name = CustomBarViewUITests;
			productName = CustomBarViewUITests;
			productReference = 9FE342E921E4183100FFFDB9 /* CustomBarViewUITests.xctest */;
			productType = "com.apple.product-type.bundle.ui-testing";
		};
/* End PBXNativeTarget section */

/* Begin PBXProject section */
		9FE342C221E4182F00FFFDB9 /* Project object */ = {
			isa = PBXProject;
			attributes = {
				LastSwiftUpdateCheck = 1010;
				LastUpgradeCheck = 1010;
				ORGANIZATIONNAME = MLeber;
				TargetAttributes = {
					9FE342C921E4182F00FFFDB9 = {
						CreatedOnToolsVersion = 10.1;
					};
					9FE342DD21E4183100FFFDB9 = {
						CreatedOnToolsVersion = 10.1;
						TestTargetID = 9FE342C921E4182F00FFFDB9;
					};
					9FE342E821E4183100FFFDB9 = {
						CreatedOnToolsVersion = 10.1;
						TestTargetID = 9FE342C921E4182F00FFFDB9;
					};
				};
			};
			buildConfigurationList = 9FE342C521E4182F00FFFDB9 /* Build configuration list for PBXProject "CustomBarView" */;
			compatibilityVersion = "Xcode 9.3";
			developmentRegion = en;
			hasScannedForEncodings = 0;
			knownRegions = (
				en,
				Base,
			);
			mainGroup = 9FE342C121E4182F00FFFDB9;
			productRefGroup = 9FE342CB21E4182F00FFFDB9 /* Products */;
			projectDirPath = "";
			projectRoot = "";
			targets = (
				9FE342C921E4182F00FFFDB9 /* CustomBarView */,
				9FE342DD21E4183100FFFDB9 /* CustomBarViewTests */,
				9FE342E821E4183100FFFDB9 /* CustomBarViewUITests */,
			);
		};
/* End PBXProject section */

/* Begin PBXResourcesBuildPhase section */
		9FE342C821E4182F00FFFDB9 /* Resources */ = {
			isa = PBXResourcesBuildPhase;
			buildActionMask = 2147483647;
			files = (
				9FE342D821E4183100FFFDB9 /* LaunchScreen.storyboard in Resources */,
				9FE342D521E4183100FFFDB9 /* Assets.xcassets in Resources */,
				9FE342D321E4182F00FFFDB9 /* Main.storyboard in Resources */,
			);
			runOnlyForDeploymentPostprocessing = 0;
		};
		9FE342DC21E4183100FFFDB9 /* Resources */ = {
			isa = PBXResourcesBuildPhase;
			buildActionMask = 2147483647;
			files = (
			);
			runOnlyForDeploymentPostprocessing = 0;
		};
		9FE342E721E4183100FFFDB9 /* Resources */ = {
			isa = PBXResourcesBuildPhase;
			buildActionMask = 2147483647;
			files = (
			);
			runOnlyForDeploymentPostprocessing = 0;
		};
/* End PBXResourcesBuildPhase section */

/* Begin PBXSourcesBuildPhase section */
		9FE342C621E4182F00FFFDB9 /* Sources */ = {
			isa = PBXSourcesBuildPhase;
			buildActionMask = 2147483647;
			files = (
				9F1F7913223AE9C3001C8DE0 /* CustomBarView.swift in Sources */,
				9FE342D021E4182F00FFFDB9 /* ViewController.swift in Sources */,
				9FE342CE21E4182F00FFFDB9 /* AppDelegate.swift in Sources */,
			);
			runOnlyForDeploymentPostprocessing = 0;
		};
		9FE342DA21E4183100FFFDB9 /* Sources */ = {
			isa = PBXSourcesBuildPhase;
			buildActionMask = 2147483647;
			files = (
				9FE342E321E4183100FFFDB9 /* CustomBarViewTests.swift in Sources */,
			);
			runOnlyForDeploymentPostprocessing = 0;
		};
		9FE342E521E4183100FFFDB9 /* Sources */ = {
			isa = PBXSourcesBuildPhase;
			buildActionMask = 2147483647;
			files = (
				9FE342EE21E4183100FFFDB9 /* CustomBarViewUITests.swift in Sources */,
			);
			runOnlyForDeploymentPostprocessing = 0;
		};
/* End PBXSourcesBuildPhase section */

/* Begin PBXTargetDependency section */
		9FE342E021E4183100FFFDB9 /* PBXTargetDependency */ = {
			isa = PBXTargetDependency;
			target = 9FE342C921E4182F00FFFDB9 /* CustomBarView */;
			targetProxy = 9FE342DF21E4183100FFFDB9 /* PBXContainerItemProxy */;
		};
		9FE342EB21E4183100FFFDB9 /* PBXTargetDependency */ = {
			isa = PBXTargetDependency;
			target = 9FE342C921E4182F00FFFDB9 /* CustomBarView */;
			targetProxy = 9FE342EA21E4183100FFFDB9 /* PBXContainerItemProxy */;
		};
/* End PBXTargetDependency section */

/* Begin PBXVariantGroup section */
		9FE342D121E4182F00FFFDB9 /* Main.storyboard */ = {
			isa = PBXVariantGroup;
			children = (
				9FE342D221E4182F00FFFDB9 /* Base */,
			);
			name = Main.storyboard;
			sourceTree = "<group>";
		};
		9FE342D621E4183100FFFDB9 /* LaunchScreen.storyboard */ = {
			isa = PBXVariantGroup;
			children = (
				9FE342D721E4183100FFFDB9 /* Base */,
			);
			name = LaunchScreen.storyboard;
			sourceTree = "<group>";
		};
/* End PBXVariantGroup section */

/* Begin XCBuildConfiguration section */
		9FE342F021E4183100FFFDB9 /* Debug */ = {
			isa = XCBuildConfiguration;
			buildSettings = {
				ALWAYS_SEARCH_USER_PATHS = NO;
				CLANG_ANALYZER_NONNULL = YES;
				CLANG_ANALYZER_NUMBER_OBJECT_CONVERSION = YES_AGGRESSIVE;
				CLANG_CXX_LANGUAGE_STANDARD = "gnu++14";
				CLANG_CXX_LIBRARY = "libc++";
				CLANG_ENABLE_MODULES = YES;
				CLANG_ENABLE_OBJC_ARC = YES;
				CLANG_ENABLE_OBJC_WEAK = YES;
				CLANG_WARN_BLOCK_CAPTURE_AUTORELEASING = YES;
				CLANG_WARN_BOOL_CONVERSION = YES;
				CLANG_WARN_COMMA = YES;
				CLANG_WARN_CONSTANT_CONVERSION = YES;
				CLANG_WARN_DEPRECATED_OBJC_IMPLEMENTATIONS = YES;
				CLANG_WARN_DIRECT_OBJC_ISA_USAGE = YES_ERROR;
				CLANG_WARN_DOCUMENTATION_COMMENTS = YES;
				CLANG_WARN_EMPTY_BODY = YES;
				CLANG_WARN_ENUM_CONVERSION = YES;
				CLANG_WARN_INFINITE_RECURSION = YES;
				CLANG_WARN_INT_CONVERSION = YES;
				CLANG_WARN_NON_LITERAL_NULL_CONVERSION = YES;
				CLANG_WARN_OBJC_IMPLICIT_RETAIN_SELF = YES;
				CLANG_WARN_OBJC_LITERAL_CONVERSION = YES;
				CLANG_WARN_OBJC_ROOT_CLASS = YES_ERROR;
				CLANG_WARN_RANGE_LOOP_ANALYSIS = YES;
				CLANG_WARN_STRICT_PROTOTYPES = YES;
				CLANG_WARN_SUSPICIOUS_MOVE = YES;
				CLANG_WARN_UNGUARDED_AVAILABILITY = YES_AGGRESSIVE;
				CLANG_WARN_UNREACHABLE_CODE = YES;
				CLANG_WARN__DUPLICATE_METHOD_MATCH = YES;
				CODE_SIGN_IDENTITY = "iPhone Developer";
				COPY_PHASE_STRIP = NO;
				DEBUG_INFORMATION_FORMAT = dwarf;
				ENABLE_STRICT_OBJC_MSGSEND = YES;
				ENABLE_TESTABILITY = YES;
				GCC_C_LANGUAGE_STANDARD = gnu11;
				GCC_DYNAMIC_NO_PIC = NO;
				GCC_NO_COMMON_BLOCKS = YES;
				GCC_OPTIMIZATION_LEVEL = 0;
				GCC_PREPROCESSOR_DEFINITIONS = (
					"DEBUG=1",
					"$(inherited)",
				);
				GCC_WARN_64_TO_32_BIT_CONVERSION = YES;
				GCC_WARN_ABOUT_RETURN_TYPE = YES_ERROR;
				GCC_WARN_UNDECLARED_SELECTOR = YES;
				GCC_WARN_UNINITIALIZED_AUTOS = YES_AGGRESSIVE;
				GCC_WARN_UNUSED_FUNCTION = YES;
				GCC_WARN_UNUSED_VARIABLE = YES;
				IPHONEOS_DEPLOYMENT_TARGET = 12.1;
				MTL_ENABLE_DEBUG_INFO = INCLUDE_SOURCE;
				MTL_FAST_MATH = YES;
				ONLY_ACTIVE_ARCH = YES;
				SDKROOT = iphoneos;
				SWIFT_ACTIVE_COMPILATION_CONDITIONS = DEBUG;
				SWIFT_OPTIMIZATION_LEVEL = "-Onone";
			};
			name = Debug;
		};
		9FE342F121E4183100FFFDB9 /* Release */ = {
			isa = XCBuildConfiguration;
			buildSettings = {
				ALWAYS_SEARCH_USER_PATHS = NO;
				CLANG_ANALYZER_NONNULL = YES;
				CLANG_ANALYZER_NUMBER_OBJECT_CONVERSION = YES_AGGRESSIVE;
				CLANG_CXX_LANGUAGE_STANDARD = "gnu++14";
				CLANG_CXX_LIBRARY = "libc++";
				CLANG_ENABLE_MODULES = YES;
				CLANG_ENABLE_OBJC_ARC = YES;
				CLANG_ENABLE_OBJC_WEAK = YES;
				CLANG_WARN_BLOCK_CAPTURE_AUTORELEASING = YES;
				CLANG_WARN_BOOL_CONVERSION = YES;
				CLANG_WARN_COMMA = YES;
				CLANG_WARN_CONSTANT_CONVERSION = YES;
				CLANG_WARN_DEPRECATED_OBJC_IMPLEMENTATIONS = YES;
				CLANG_WARN_DIRECT_OBJC_ISA_USAGE = YES_ERROR;
				CLANG_WARN_DOCUMENTATION_COMMENTS = YES;
				CLANG_WARN_EMPTY_BODY = YES;
				CLANG_WARN_ENUM_CONVERSION = YES;
				CLANG_WARN_INFINITE_RECURSION = YES;
				CLANG_WARN_INT_CONVERSION = YES;
				CLANG_WARN_NON_LITERAL_NULL_CONVERSION = YES;
				CLANG_WARN_OBJC_IMPLICIT_RETAIN_SELF = YES;
				CLANG_WARN_OBJC_LITERAL_CONVERSION = YES;
				CLANG_WARN_OBJC_ROOT_CLASS = YES_ERROR;
				CLANG_WARN_RANGE_LOOP_ANALYSIS = YES;
				CLANG_WARN_STRICT_PROTOTYPES = YES;
				CLANG_WARN_SUSPICIOUS_MOVE = YES;
				CLANG_WARN_UNGUARDED_AVAILABILITY = YES_AGGRESSIVE;
				CLANG_WARN_UNREACHABLE_CODE = YES;
				CLANG_WARN__DUPLICATE_METHOD_MATCH = YES;
				CODE_SIGN_IDENTITY = "iPhone Developer";
				COPY_PHASE_STRIP = NO;
				DEBUG_INFORMATION_FORMAT = "dwarf-with-dsym";
				ENABLE_NS_ASSERTIONS = NO;
				ENABLE_STRICT_OBJC_MSGSEND = YES;
				GCC_C_LANGUAGE_STANDARD = gnu11;
				GCC_NO_COMMON_BLOCKS = YES;
				GCC_WARN_64_TO_32_BIT_CONVERSION = YES;
				GCC_WARN_ABOUT_RETURN_TYPE = YES_ERROR;
				GCC_WARN_UNDECLARED_SELECTOR = YES;
				GCC_WARN_UNINITIALIZED_AUTOS = YES_AGGRESSIVE;
				GCC_WARN_UNUSED_FUNCTION = YES;
				GCC_WARN_UNUSED_VARIABLE = YES;
				IPHONEOS_DEPLOYMENT_TARGET = 12.1;
				MTL_ENABLE_DEBUG_INFO = NO;
				MTL_FAST_MATH = YES;
				SDKROOT = iphoneos;
				SWIFT_COMPILATION_MODE = wholemodule;
				SWIFT_OPTIMIZATION_LEVEL = "-O";
				VALIDATE_PRODUCT = YES;
			};
			name = Release;
		};
		9FE342F321E4183100FFFDB9 /* Debug */ = {
			isa = XCBuildConfiguration;
			buildSettings = {
				ASSETCATALOG_COMPILER_APPICON_NAME = AppIcon;
				CODE_SIGN_STYLE = Automatic;
				INFOPLIST_FILE = CustomBarView/Info.plist;
				LD_RUNPATH_SEARCH_PATHS = (
					"$(inherited)",
					"@executable_path/Frameworks",
				);
				PRODUCT_BUNDLE_IDENTIFIER = com.nutrien.CustomBarView;
				PRODUCT_NAME = "$(TARGET_NAME)";
				SWIFT_VERSION = 4.2;
				TARGETED_DEVICE_FAMILY = "1,2";
			};
			name = Debug;
		};
		9FE342F421E4183100FFFDB9 /* Release */ = {
			isa = XCBuildConfiguration;
			buildSettings = {
				ASSETCATALOG_COMPILER_APPICON_NAME = AppIcon;
				CODE_SIGN_STYLE = Automatic;
				INFOPLIST_FILE = CustomBarView/Info.plist;
				LD_RUNPATH_SEARCH_PATHS = (
					"$(inherited)",
					"@executable_path/Frameworks",
				);
				PRODUCT_BUNDLE_IDENTIFIER = com.nutrien.CustomBarView;
				PRODUCT_NAME = "$(TARGET_NAME)";
				SWIFT_VERSION = 4.2;
				TARGETED_DEVICE_FAMILY = "1,2";
			};
			name = Release;
		};
		9FE342F621E4183100FFFDB9 /* Debug */ = {
			isa = XCBuildConfiguration;
			buildSettings = {
				ALWAYS_EMBED_SWIFT_STANDARD_LIBRARIES = YES;
				BUNDLE_LOADER = "$(TEST_HOST)";
				CODE_SIGN_STYLE = Automatic;
				INFOPLIST_FILE = CustomBarViewTests/Info.plist;
				LD_RUNPATH_SEARCH_PATHS = (
					"$(inherited)",
					"@executable_path/Frameworks",
					"@loader_path/Frameworks",
				);
				PRODUCT_BUNDLE_IDENTIFIER = com.nutrien.CustomBarViewTests;
				PRODUCT_NAME = "$(TARGET_NAME)";
				SWIFT_VERSION = 4.2;
				TARGETED_DEVICE_FAMILY = "1,2";
				TEST_HOST = "$(BUILT_PRODUCTS_DIR)/CustomBarView.app/CustomBarView";
			};
			name = Debug;
		};
		9FE342F721E4183100FFFDB9 /* Release */ = {
			isa = XCBuildConfiguration;
			buildSettings = {
				ALWAYS_EMBED_SWIFT_STANDARD_LIBRARIES = YES;
				BUNDLE_LOADER = "$(TEST_HOST)";
				CODE_SIGN_STYLE = Automatic;
				INFOPLIST_FILE = CustomBarViewTests/Info.plist;
				LD_RUNPATH_SEARCH_PATHS = (
					"$(inherited)",
					"@executable_path/Frameworks",
					"@loader_path/Frameworks",
				);
				PRODUCT_BUNDLE_IDENTIFIER = com.nutrien.CustomBarViewTests;
				PRODUCT_NAME = "$(TARGET_NAME)";
				SWIFT_VERSION = 4.2;
				TARGETED_DEVICE_FAMILY = "1,2";
				TEST_HOST = "$(BUILT_PRODUCTS_DIR)/CustomBarView.app/CustomBarView";
			};
			name = Release;
		};
		9FE342F921E4183100FFFDB9 /* Debug */ = {
			isa = XCBuildConfiguration;
			buildSettings = {
				ALWAYS_EMBED_SWIFT_STANDARD_LIBRARIES = YES;
				CODE_SIGN_STYLE = Automatic;
				INFOPLIST_FILE = CustomBarViewUITests/Info.plist;
				LD_RUNPATH_SEARCH_PATHS = (
					"$(inherited)",
					"@executable_path/Frameworks",
					"@loader_path/Frameworks",
				);
				PRODUCT_BUNDLE_IDENTIFIER = com.nutrien.CustomBarViewUITests;
				PRODUCT_NAME = "$(TARGET_NAME)";
				SWIFT_VERSION = 4.2;
				TARGETED_DEVICE_FAMILY = "1,2";
				TEST_TARGET_NAME = CustomBarView;
			};
			name = Debug;
		};
		9FE342FA21E4183100FFFDB9 /* Release */ = {
			isa = XCBuildConfiguration;
			buildSettings = {
				ALWAYS_EMBED_SWIFT_STANDARD_LIBRARIES = YES;
				CODE_SIGN_STYLE = Automatic;
				INFOPLIST_FILE = CustomBarViewUITests/Info.plist;
				LD_RUNPATH_SEARCH_PATHS = (
					"$(inherited)",
					"@executable_path/Frameworks",
					"@loader_path/Frameworks",
				);
				PRODUCT_BUNDLE_IDENTIFIER = com.nutrien.CustomBarViewUITests;
				PRODUCT_NAME = "$(TARGET_NAME)";
				SWIFT_VERSION = 4.2;
				TARGETED_DEVICE_FAMILY = "1,2";
				TEST_TARGET_NAME = CustomBarView;
			};
			name = Release;
		};
/* End XCBuildConfiguration section */

/* Begin XCConfigurationList section */
		9FE342C521E4182F00FFFDB9 /* Build configuration list for PBXProject "CustomBarView" */ = {
			isa = XCConfigurationList;
			buildConfigurations = (
				9FE342F021E4183100FFFDB9 /* Debug */,
				9FE342F121E4183100FFFDB9 /* Release */,
			);
			defaultConfigurationIsVisible = 0;
			defaultConfigurationName = Release;
		};
		9FE342F221E4183100FFFDB9 /* Build configuration list for PBXNativeTarget "CustomBarView" */ = {
			isa = XCConfigurationList;
			buildConfigurations = (
				9FE342F321E4183100FFFDB9 /* Debug */,
				9FE342F421E4183100FFFDB9 /* Release */,
			);
			defaultConfigurationIsVisible = 0;
			defaultConfigurationName = Release;
		};
		9FE342F521E4183100FFFDB9 /* Build configuration list for PBXNativeTarget "CustomBarViewTests" */ = {
			isa = XCConfigurationList;
			buildConfigurations = (
				9FE342F621E4183100FFFDB9 /* Debug */,
				9FE342F721E4183100FFFDB9 /* Release */,
			);
			defaultConfigurationIsVisible = 0;
			defaultConfigurationName = Release;
		};
		9FE342F821E4183100FFFDB9 /* Build configuration list for PBXNativeTarget "CustomBarViewUITests" */ = {
			isa = XCConfigurationList;
			buildConfigurations = (
				9FE342F921E4183100FFFDB9 /* Debug */,
				9FE342FA21E4183100FFFDB9 /* Release */,
			);
			defaultConfigurationIsVisible = 0;
			defaultConfigurationName = Release;
		};
/* End XCConfigurationList section */
	};
	rootObject = 9FE342C221E4182F00FFFDB9 /* Project object */;
}
